{
  "lockfileVersion": 1,
  "configVersion": 1,
  "workspaces": {
    "": {
      "name": "mmr-api-v2",
      "dependencies": {
        "@hono/node-server": "^2.0.5",
        "hono": "^4.12.26",
        "ws": "^8.21.0",
      },
      "devDependencies": {
        "@types/node": "^26.0.0",
        "@types/ws": "^8.18.1",
        "typescript": "^6.0.3",
      },
    },
  },
  "packages": {
    "@hono/node-server": ["@hono/node-server@2.0.11", "", { "peerDependencies": { "hono": "^4" } }, "sha512-bjD221KPLoJTWUwso1J6fGKiTXEUFedG/s0visavY4zakFPkeGURMRNly+FhBHs7T8Dz4qHaZIMX9ZoJHSJtKA=="],

    "@types/node": ["@types/node@26.1.1", "", { "dependencies": { "undici-types": "~8.3.0" } }, "sha512-nxAkRSVkN1Y0JC1W8ky/fTfkGsMmcrRsbx+3XoZE+rMOX71kLYTV7fLXpqud1GpbpP5TuffXFqfX7fH2GgZREw=="],

    "@types/ws": ["@types/ws@8.18.1", "", { "dependencies": { "@types/node": "*" } }, "sha512-ThVF6DCVhA8kUGy+aazFQ4kXQ7E1Ty7A3ypFOe0IcJV8O/M511G99AW24irKrW56Wt44yG9+ij8FaqoBGkuBXg=="],

    "hono": ["hono@4.12.32", "", {}, "sha512-XcuyW9qE2kJn07PkecMOBd5Vq/hMy7mmGw+idz1yblbg9N17ijJODrvPkn7/dwL3Kulj8LcRJ69DLOWf91dRUg=="],

    "typescript": ["typescript@6.0.3", "", { "bin": { "tsc": "bin/tsc", "tsserver": "bin/tsserver" } }, "sha512-y2TvuxSZPDyQakkFRPZHKFm+KKVqIisdg9/CZwm9ftvKXLP8NRWj38/ODjNbr43SsoXqNuAisEf1GdCxqWcdBw=="],

    "undici-types": ["undici-types@8.3.0", "", {}, "sha512-j375ScV60dom+YkPFIfTLcOiPxkN/buHz5GobjLhixFuANaNs3C9l4GmrWqejgXWJ7BbJcFYpTEUkS1Ge8bpZQ=="],

    "ws": ["ws@8.21.1", "", { "peerDependencies": { "bufferutil": "^4.0.1", "utf-8-validate": ">=5.0.2" }, "optionalPeers": ["bufferutil", "utf-8-validate"] }, "sha512-+0NTnW77fFN/DjQi6k/Sq/Yvk4Sgajw7urW8V+asjXnRgDs9gyGkdb7EzgfhA4goXsRIZKE28fzIXBHEzhuiWw=="],
  }
}
